github.com/gorilla/context v1.1.1 h1:AWwleXJkX/nhcU9bZSnZoi3h/qGYqQAGhq6zZe/aQW8=
github.com/gorilla/context v1.1.1/go.mod h1:kBGZzfjB9CEq2AlWe17Uuf7NDRt0dE0s8S51q0aT7Yg=
github.com/gorilla/mux v1.6.2 h1:Pgr17XVTNXAk3q/r4CpKzC5xBM/qW1uVLV+IhRZpIIk=
github.com/gorilla/mux v1.6.2/go.mod h1:1lud6UwP+6orDFRuTfBEV8e9/aOM/c4fVVCaMa2zaAs=
github.com/isberg1/IMT2681-Assignment-3 v0.0.0-20181114171438-5b72cdd3a44c h1:yWXcz/I1q7aNIqjG4XazwoeBQltUoCCLuPoHNS1YKRI=
github.com/isberg1/IMT2681-Assignment-3 v0.0.0-20181114171438-5b72cdd3a44c/go.mod h1:hGa/37V6FH+zrujeCk6oLKUQSYOFzCr5TC/2DIB1pUI=
